
Microsoft Visual Studio Solution File, Format Version 12.00
# Visual Studio Version 17
VisualStudioVersion = 17.12.35707.178 d17.12
MinimumVisualStudioVersion = 10.0.40219.1
Project("{FAE04EC0-301F-11D3-BF4B-00C04F79EFBC}") = "CalculatorAndGit", "CalculatorAndGit\CalculatorAndGit.csproj", "{37D23B69-8FAD-4418-9FD6-8ECE0D8FC5EE}"
EndProject
Global
	GlobalSection(SolutionConfigurationPlatforms) = preSolution
		Debug|Any CPU = Debug|Any CPU
		Release|Any CPU = Release|Any CPU
	EndGlobalSection
	GlobalSection(ProjectConfigurationPlatforms) = postSolution
		{37D23B69-8FAD-4418-9FD6-8ECE0D8FC5EE}.Debug|Any CPU.ActiveCfg = Debug|Any CPU
		{37D23B69-8FAD-4418-9FD6-8ECE0D8FC5EE}.Debug|Any CPU.Build.0 = Debug|Any CPU
		{37D23B69-8FAD-4418-9FD6-8ECE0D8FC5EE}.Release|Any CPU.ActiveCfg = Release|Any CPU
		{37D23B69-8FAD-4418-9FD6-8ECE0D8FC5EE}.Release|Any CPU.Build.0 = Release|Any CPU
	EndGlobalSection
	GlobalSection(SolutionProperties) = preSolution
		HideSolutionNode = FALSE
	EndGlobalSection
EndGlobal
